<?xml version="1.0" encoding="utf-8"?>
<Project ToolsVersion="4.0" xmlns="http://schemas.microsoft.com/developer/msbuild/2003">
  <ItemGroup>
    <Filter Include="Source Files">
      <UniqueIdentifier>{4FC737F1-C7A5-4376-A066-2A32D752A2FF}</UniqueIdentifier>
      <Extensions>cpp;c;cc;cxx;c++;cppm;ixx;def;odl;idl;hpj;bat;asm;asmx</Extensions>
    </Filter>
    <Filter Include="Header Files">
      <UniqueIdentifier>{93995380-89BD-4b04-88EB-625FBE52EBFB}</UniqueIdentifier>
      <Extensions>h;hh;hpp;hxx;h++;hm;inl;inc;ipp;xsd</Extensions>
    </Filter>
    <Filter Include="Resource Files">
      <UniqueIdentifier>{67DA6AB6-F800-4c08-8B7A-83BB121AAD01}</UniqueIdentifier>
      <Extensions>rc;ico;cur;bmp;dlg;rc2;rct;bin;rgs;gif;jpg;jpeg;jpe;resx;tiff;tif;png;wav;mfcribbon-ms</Extensions>
    </Filter>
    <Filter Include="Formats">
      <UniqueIdentifier>{2d2eecec-ae0e-4dcc-a9ed-4e7d5f8e1465}</UniqueIdentifier>
    </Filter>
    <Filter Include="Assets">
      <UniqueIdentifier>{1a41733b-eba6-4a3c-ad2d-52c6e714da6a}</UniqueIdentifier>
    </Filter>
    <Filter Include="Scripts">
      <UniqueIdentifier>{2d12d082-b3c9-4273-93ea-1d72c2c0e26b}</UniqueIdentifier>
    </Filter>
    <Filter Include="Scripts\Header Files">
      <UniqueIdentifier>{1eda29d4-1e9d-4307-8793-2334ca5ffafc}</UniqueIdentifier>
    </Filter>
    <Filter Include="Scripts\Source Files">
      <UniqueIdentifier>{48fdea13-f5de-4ec6-8f94-3fc5e4bb6372}</UniqueIdentifier>
    </Filter>
  </ItemGroup>
  <ItemGroup>
    <ClInclude Include="winos.h">
      <Filter>Header Files</Filter>
    </ClInclude>
    <ClInclude Include="resource.h">
      <Filter>Header Files</Filter>
    </ClInclude>
    <ClInclude Include="game.h">
      <Filter>Header Files</Filter>
    </ClInclude>
    <ClInclude Include="targetver.h">
      <Filter>Header Files</Filter>
    </ClInclude>
    <ClInclude Include="render.h">
      <Filter>Header Files</Filter>
    </ClInclude>
    <ClInclude Include="renderos.h">
      <Filter>Header Files</Filter>
    </ClInclude>
    <ClInclude Include="level.h">
      <Filter>Header Files</Filter>
    </ClInclude>
    <ClInclude Include="engine.h">
      <Filter>Header Files</Filter>
    </ClInclude>
    <ClInclude Include="keybrd.h">
      <Filter>Header Files</Filter>
    </ClInclude>
    <ClInclude Include="keybrdos.h">
      <Filter>Header Files</Filter>
    </ClInclude>
    <ClInclude Include="ecs.h">
      <Filter>Header Files</Filter>
    </ClInclude>
    <ClInclude Include="scripts\Zeppelin.h">
      <Filter>Scripts\Header Files</Filter>
    </ClInclude>
    <ClInclude Include="scripts\TradePost.h">
      <Filter>Scripts\Header Files</Filter>
    </ClInclude>
    <ClInclude Include="ui.h">
      <Filter>Header Files</Filter>
    </ClInclude>
  </ItemGroup>
  <ItemGroup>
    <ClCompile Include="driver.cpp">
      <Filter>Source Files</Filter>
    </ClCompile>
    <ClCompile Include="game.cpp">
      <Filter>Source Files</Filter>
    </ClCompile>
    <ClCompile Include="renderos.cpp">
      <Filter>Source Files</Filter>
    </ClCompile>
    <ClCompile Include="level.cpp">
      <Filter>Source Files</Filter>
    </ClCompile>
    <ClCompile Include="engineos.cpp">
      <Filter>Source Files</Filter>
    </ClCompile>
    <ClCompile Include="skii_image.cpp">
      <Filter>Source Files</Filter>
    </ClCompile>
    <ClCompile Include="keybrdos.cpp">
      <Filter>Source Files</Filter>
    </ClCompile>
    <ClCompile Include="ecs.cpp">
      <Filter>Source Files</Filter>
    </ClCompile>
    <ClCompile Include="scripts\src\Zeppelin.cpp">
      <Filter>Scripts\Source Files</Filter>
    </ClCompile>
    <ClCompile Include="shader.cpp">
      <Filter>Source Files</Filter>
    </ClCompile>
    <ClCompile Include="physics.cpp">
      <Filter>Source Files</Filter>
    </ClCompile>
    <ClCompile Include="scripts\src\TradePost.cpp">
      <Filter>Scripts\Source Files</Filter>
    </ClCompile>
    <ClCompile Include="ui.cpp">
      <Filter>Source Files</Filter>
    </ClCompile>
  </ItemGroup>
  <ItemGroup>
    <ResourceCompile Include="skies.rc">
      <Filter>Resource Files</Filter>
    </ResourceCompile>
  </ItemGroup>
  <ItemGroup>
    <Image Include="small.ico">
      <Filter>Resource Files</Filter>
    </Image>
    <Image Include="skies.ico">
      <Filter>Resource Files</Filter>
    </Image>
  </ItemGroup>
  <ItemGroup>
    <Text Include="game_format.txt">
      <Filter>Formats</Filter>
    </Text>
    <Text Include="level_format.txt">
      <Filter>Formats</Filter>
    </Text>
    <Text Include="skii_format.txt">
      <Filter>Formats</Filter>
    </Text>
    <Text Include="assets\game.txt">
      <Filter>Assets</Filter>
    </Text>
    <Text Include="assets\level1.map.skii.txt">
      <Filter>Assets</Filter>
    </Text>
    <Text Include="assets\level1.txt">
      <Filter>Assets</Filter>
    </Text>
    <Text Include="ui_format.txt">
      <Filter>Formats</Filter>
    </Text>
    <Text Include="assets\level1.ui.txt">
      <Filter>Assets</Filter>
    </Text>
    <Text Include="assets\london.skii.txt">
      <Filter>Assets</Filter>
    </Text>
  </ItemGroup>
</Project>